
Microsoft Visual Studio Solution File, Format Version 12.00
# Visual Studio Version 16
VisualStudioVersion = 16.0.30413.136
MinimumVisualStudioVersion = 10.0.40219.1
Project("{888888A0-9F3D-457C-B088-3A5042F75D52}") = "RL_cart pole_DQN", "RL_cart pole_DQN.pyproj", "{A0CABFCB-E28B-4C37-9946-F6F4B949A0A0}"
EndProject
Global
	GlobalSection(SolutionConfigurationPlatforms) = preSolution
		Debug|Any CPU = Debug|Any CPU
		Release|Any CPU = Release|Any CPU
	EndGlobalSection
	GlobalSection(ProjectConfigurationPlatforms) = postSolution
		{A0CABFCB-E28B-4C37-9946-F6F4B949A0A0}.Debug|Any CPU.ActiveCfg = Debug|Any CPU
		{A0CABFCB-E28B-4C37-9946-F6F4B949A0A0}.Release|Any CPU.ActiveCfg = Release|Any CPU
	EndGlobalSection
	GlobalSection(SolutionProperties) = preSolution
		HideSolutionNode = FALSE
	EndGlobalSection
	GlobalSection(ExtensibilityGlobals) = postSolution
		SolutionGuid = {F198879D-73D5-4EA0-83A9-85949951BB22}
	EndGlobalSection
EndGlobal
